// !$*UTF8*$!
{
	archiveVersion = 1;
	classes = {
	};
	objectVersion = 46;
	objects = {

/* Begin PBXBuildFile section */
		29BF819C18E32561004276C6 /* Foundation.framework in Frameworks */ = {isa = PBXBuildFile; fileRef = 29BF819B18E32561004276C6 /* Foundation.framework */; };
		29BF819E18E32561004276C6 /* CoreGraphics.framework in Frameworks */ = {isa = PBXBuildFile; fileRef = 29BF819D18E32561004276C6 /* CoreGraphics.framework */; };
		29BF81A018E32561004276C6 /* UIKit.framework in Frameworks */ = {isa = PBXBuildFile; fileRef = 29BF819F18E32561004276C6 /* UIKit.framework */; };
		29BF81A618E32561004276C6 /* InfoPlist.strings in Resources */ = {isa = PBXBuildFile; fileRef = 29BF81A418E32561004276C6 /* InfoPlist.strings */; };
		29BF81A818E32561004276C6 /* main.m in Sources */ = {isa = PBXBuildFile; fileRef = 29BF81A718E32561004276C6 /* main.m */; };
		29BF81AC18E32561004276C6 /* ANAppDelegate.m in Sources */ = {isa = PBXBuildFile; fileRef = 29BF81AB18E32561004276C6 /* ANAppDelegate.m */; };
		29BF81B218E32561004276C6 /* ANViewController.m in Sources */ = {isa = PBXBuildFile; fileRef = 29BF81B118E32561004276C6 /* ANViewController.m */; };
		29BF81B418E32561004276C6 /* Images.xcassets in Resources */ = {isa = PBXBuildFile; fileRef = 29BF81B318E32561004276C6 /* Images.xcassets */; };
		29BF81BB18E32561004276C6 /* XCTest.framework in Frameworks */ = {isa = PBXBuildFile; fileRef = 29BF81BA18E32561004276C6 /* XCTest.framework */; };
		29BF81BC18E32561004276C6 /* Foundation.framework in Frameworks */ = {isa = PBXBuildFile; fileRef = 29BF819B18E32561004276C6 /* Foundation.framework */; };
		29BF81BD18E32561004276C6 /* UIKit.framework in Frameworks */ = {isa = PBXBuildFile; fileRef = 29BF819F18E32561004276C6 /* UIKit.framework */; };
		29BF81C518E32561004276C6 /* InfoPlist.strings in Resources */ = {isa = PBXBuildFile; fileRef = 29BF81C318E32561004276C6 /* InfoPlist.strings */; };
		29BF81C718E32561004276C6 /* associatedObjectsDemoTests.m in Sources */ = {isa = PBXBuildFile; fileRef = 29BF81C618E32561004276C6 /* associatedObjectsDemoTests.m */; };
/* End PBXBuildFile section */

/* Begin PBXContainerItemProxy section */
		29BF81BE18E32561004276C6 /* PBXContainerItemProxy */ = {
			isa = PBXContainerItemProxy;
			containerPortal = 29BF819018E32561004276C6 /* Project object */;
			proxyType = 1;
			remoteGlobalIDString = 29BF819718E32561004276C6;
			remoteInfo = associatedObjectsDemo;
		};
/* End PBXContainerItemProxy section */

/* Begin PBXFileReference section */
		29BF819818E32561004276C6 /* associatedObjectsDemo.app */ = {isa = PBXFileReference; explicitFileType = wrapper.application; includeInIndex = 0; path = associatedObjectsDemo.app; sourceTree = BUILT_PRODUCTS_DIR; };
		29BF819B18E32561004276C6 /* Foundation.framework */ = {isa = PBXFileReference; lastKnownFileType = wrapper.framework; name = Foundation.framework; path = System/Library/Frameworks/Foundation.framework; sourceTree = SDKROOT; };
		29BF819D18E32561004276C6 /* CoreGraphics.framework */ = {isa = PBXFileReference; lastKnownFileType = wrapper.framework; name = CoreGraphics.framework; path = System/Library/Frameworks/CoreGraphics.framework; sourceTree = SDKROOT; };
		29BF819F18E32561004276C6 /* UIKit.framework */ = {isa = PBXFileReference; lastKnownFileType = wrapper.framework; name = UIKit.framework; path = System/Library/Frameworks/UIKit.framework; sourceTree = SDKROOT; };
		29BF81A318E32561004276C6 /* associatedObjectsDemo-Info.plist */ = {isa = PBXFileReference; lastKnownFileType = text.plist.xml; path = "associatedObjectsDemo-Info.plist"; sourceTree = "<group>"; };
		29BF81A518E32561004276C6 /* en */ = {isa = PBXFileReference; lastKnownFileType = text.plist.strings; name = en; path = en.lproj/InfoPlist.strings; sourceTree = "<group>"; };
		29BF81A718E32561004276C6 /* main.m */ = {isa = PBXFileReference; lastKnownFileType = sourcecode.c.objc; path = main.m; sourceTree = "<group>"; };
		29BF81A918E32561004276C6 /* associatedObjectsDemo-Prefix.pch */ = {isa = PBXFileReference; lastKnownFileType = sourcecode.c.h; path = "associatedObjectsDemo-Prefix.pch"; sourceTree = "<group>"; };
		29BF81AA18E32561004276C6 /* ANAppDelegate.h */ = {isa = PBXFileReference; lastKnownFileType = sourcecode.c.h; path = ANAppDelegate.h; sourceTree = "<group>"; };
		29BF81AB18E32561004276C6 /* ANAppDelegate.m */ = {isa = PBXFileReference; lastKnownFileType = sourcecode.c.objc; path = ANAppDelegate.m; sourceTree = "<group>"; };
		29BF81B018E32561004276C6 /* ANViewController.h */ = {isa = PBXFileReference; lastKnownFileType = sourcecode.c.h; path = ANViewController.h; sourceTree = "<group>"; };
		29BF81B118E32561004276C6 /* ANViewController.m */ = {isa = PBXFileReference; lastKnownFileType = sourcecode.c.objc; path = ANViewController.m; sourceTree = "<group>"; };
		29BF81B318E32561004276C6 /* Images.xcassets */ = {isa = PBXFileReference; lastKnownFileType = folder.assetcatalog; path = Images.xcassets; sourceTree = "<group>"; };
		29BF81B918E32561004276C6 /* associatedObjectsDemoTests.xctest */ = {isa = PBXFileReference; explicitFileType = wrapper.cfbundle; includeInIndex = 0; path = associatedObjectsDemoTests.xctest; sourceTree = BUILT_PRODUCTS_DIR; };
		29BF81BA18E32561004276C6 /* XCTest.framework */ = {isa = PBXFileReference; lastKnownFileType = wrapper.framework; name = XCTest.framework; path = Library/Frameworks/XCTest.framework; sourceTree = DEVELOPER_DIR; };
		29BF81C218E32561004276C6 /* associatedObjectsDemoTests-Info.plist */ = {isa = PBXFileReference; lastKnownFileType = text.plist.xml; path = "associatedObjectsDemoTests-Info.plist"; sourceTree = "<group>"; };
		29BF81C418E32561004276C6 /* en */ = {isa = PBXFileReference; lastKnownFileType = text.plist.strings; name = en; path = en.lproj/InfoPlist.strings; sourceTree = "<group>"; };
		29BF81C618E32561004276C6 /* associatedObjectsDemoTests.m */ = {isa = PBXFileReference; lastKnownFileType = sourcecode.c.objc; path = associatedObjectsDemoTests.m; sourceTree = "<group>"; };
/* End PBXFileReference section */

/* Begin PBXFrameworksBuildPhase section */
		29BF819518E32561004276C6 /* Frameworks */ = {
			isa = PBXFrameworksBuildPhase;
			buildActionMask = 2147483647;
			files = (
				29BF819E18E32561004276C6 /* CoreGraphics.framework in Frameworks */,
				29BF81A018E32561004276C6 /* UIKit.framework in Frameworks */,
				29BF819C18E32561004276C6 /* Foundation.framework in Frameworks */,
			);
			runOnlyForDeploymentPostprocessing = 0;
		};
		29BF81B618E32561004276C6 /* Frameworks */ = {
			isa = PBXFrameworksBuildPhase;
			buildActionMask = 2147483647;
			files = (
				29BF81BB18E32561004276C6 /* XCTest.framework in Frameworks */,
				29BF81BD18E32561004276C6 /* UIKit.framework in Frameworks */,
				29BF81BC18E32561004276C6 /* Foundation.framework in Frameworks */,
			);
			runOnlyForDeploymentPostprocessing = 0;
		};
/* End PBXFrameworksBuildPhase section */

/* Begin PBXGroup section */
		29BF818F18E32561004276C6 = {
			isa = PBXGroup;
			children = (
				29BF81A118E32561004276C6 /* associatedObjectsDemo */,
				29BF81C018E32561004276C6 /* associatedObjectsDemoTests */,
				29BF819A18E32561004276C6 /* Frameworks */,
				29BF819918E32561004276C6 /* Products */,
			);
			sourceTree = "<group>";
		};
		29BF819918E32561004276C6 /* Products */ = {
			isa = PBXGroup;
			children = (
				29BF819818E32561004276C6 /* associatedObjectsDemo.app */,
				29BF81B918E32561004276C6 /* associatedObjectsDemoTests.xctest */,
			);
			name = Products;
			sourceTree = "<group>";
		};
		29BF819A18E32561004276C6 /* Frameworks */ = {
			isa = PBXGroup;
			children = (
				29BF819B18E32561004276C6 /* Foundation.framework */,
				29BF819D18E32561004276C6 /* CoreGraphics.framework */,
				29BF819F18E32561004276C6 /* UIKit.framework */,
				29BF81BA18E32561004276C6 /* XCTest.framework */,
			);
			name = Frameworks;
			sourceTree = "<group>";
		};
		29BF81A118E32561004276C6 /* associatedObjectsDemo */ = {
			isa = PBXGroup;
			children = (
				29BF81AA18E32561004276C6 /* ANAppDelegate.h */,
				29BF81AB18E32561004276C6 /* ANAppDelegate.m */,
				29BF81B018E32561004276C6 /* ANViewController.h */,
				29BF81B118E32561004276C6 /* ANViewController.m */,
				29BF81B318E32561004276C6 /* Images.xcassets */,
				29BF81A218E32561004276C6 /* Supporting Files */,
			);
			path = associatedObjectsDemo;
			sourceTree = "<group>";
		};
		29BF81A218E32561004276C6 /* Supporting Files */ = {
			isa = PBXGroup;
			children = (
				29BF81A318E32561004276C6 /* associatedObjectsDemo-Info.plist */,
				29BF81A418E32561004276C6 /* InfoPlist.strings */,
				29BF81A718E32561004276C6 /* main.m */,
				29BF81A918E32561004276C6 /* associatedObjectsDemo-Prefix.pch */,
			);
			name = "Supporting Files";
			sourceTree = "<group>";
		};
		29BF81C018E32561004276C6 /* associatedObjectsDemoTests */ = {
			isa = PBXGroup;
			children = (
				29BF81C618E32561004276C6 /* associatedObjectsDemoTests.m */,
				29BF81C118E32561004276C6 /* Supporting Files */,
			);
			path = associatedObjectsDemoTests;
			sourceTree = "<group>";
		};
		29BF81C118E32561004276C6 /* Supporting Files */ = {
			isa = PBXGroup;
			children = (
				29BF81C218E32561004276C6 /* associatedObjectsDemoTests-Info.plist */,
				29BF81C318E32561004276C6 /* InfoPlist.strings */,
			);
			name = "Supporting Files";
			sourceTree = "<group>";
		};
/* End PBXGroup section */

/* Begin PBXNativeTarget section */
		29BF819718E32561004276C6 /* associatedObjectsDemo */ = {
			isa = PBXNativeTarget;
			buildConfigurationList = 29BF81CA18E32561004276C6 /* Build configuration list for PBXNativeTarget "associatedObjectsDemo" */;
			buildPhases = (
				29BF819418E32561004276C6 /* Sources */,
				29BF819518E32561004276C6 /* Frameworks */,
				29BF819618E32561004276C6 /* Resources */,
			);
			buildRules = (
			);
			dependencies = (
			);
			name = associatedObjectsDemo;
			productName = associatedObjectsDemo;
			productReference = 29BF819818E32561004276C6 /* associatedObjectsDemo.app */;
			productType = "com.apple.product-type.application";
		};
		29BF81B818E32561004276C6 /* associatedObjectsDemoTests */ = {
			isa = PBXNativeTarget;
			buildConfigurationList = 29BF81CD18E32561004276C6 /* Build configuration list for PBXNativeTarget "associatedObjectsDemoTests" */;
			buildPhases = (
				29BF81B518E32561004276C6 /* Sources */,
				29BF81B618E32561004276C6 /* Frameworks */,
				29BF81B718E32561004276C6 /* Resources */,
			);
			buildRules = (
			);
			dependencies = (
				29BF81BF18E32561004276C6 /* PBXTargetDependency */,
			);
			name = associatedObjectsDemoTests;
			productName = associatedObjectsDemoTests;
			productReference = 29BF81B918E32561004276C6 /* associatedObjectsDemoTests.xctest */;
			productType = "com.apple.product-type.bundle.unit-test";
		};
/* End PBXNativeTarget section */

/* Begin PBXProject section */
		29BF819018E32561004276C6 /* Project object */ = {
			isa = PBXProject;
			attributes = {
				CLASSPREFIX = AN;
				LastUpgradeCheck = 0510;
				ORGANIZATIONNAME = "Avinash Nehra";
				TargetAttributes = {
					29BF81B818E32561004276C6 = {
						TestTargetID = 29BF819718E32561004276C6;
					};
				};
			};
			buildConfigurationList = 29BF819318E32561004276C6 /* Build configuration list for PBXProject "associatedObjectsDemo" */;
			compatibilityVersion = "Xcode 3.2";
			developmentRegion = English;
			hasScannedForEncodings = 0;
			knownRegions = (
				en,
				Base,
			);
			mainGroup = 29BF818F18E32561004276C6;
			productRefGroup = 29BF819918E32561004276C6 /* Products */;
			projectDirPath = "";
			projectRoot = "";
			targets = (
				29BF819718E32561004276C6 /* associatedObjectsDemo */,
				29BF81B818E32561004276C6 /* associatedObjectsDemoTests */,
			);
		};
/* End PBXProject section */

/* Begin PBXResourcesBuildPhase section */
		29BF819618E32561004276C6 /* Resources */ = {
			isa = PBXResourcesBuildPhase;
			buildActionMask = 2147483647;
			files = (
				29BF81B418E32561004276C6 /* Images.xcassets in Resources */,
				29BF81A618E32561004276C6 /* InfoPlist.strings in Resources */,
			);
			runOnlyForDeploymentPostprocessing = 0;
		};
		29BF81B718E32561004276C6 /* Resources */ = {
			isa = PBXResourcesBuildPhase;
			buildActionMask = 2147483647;
			files = (
				29BF81C518E32561004276C6 /* InfoPlist.strings in Resources */,
			);
			runOnlyForDeploymentPostprocessing = 0;
		};
/* End PBXResourcesBuildPhase section */

/* Begin PBXSourcesBuildPhase section */
		29BF819418E32561004276C6 /* Sources */ = {
			isa = PBXSourcesBuildPhase;
			buildActionMask = 2147483647;
			files = (
				29BF81A818E32561004276C6 /* main.m in Sources */,
				29BF81B218E32561004276C6 /* ANViewController.m in Sources */,
				29BF81AC18E32561004276C6 /* ANAppDelegate.m in Sources */,
			);
			runOnlyForDeploymentPostprocessing = 0;
		};
		29BF81B518E32561004276C6 /* Sources */ = {
			isa = PBXSourcesBuildPhase;
			buildActionMask = 2147483647;
			files = (
				29BF81C718E32561004276C6 /* associatedObjectsDemoTests.m in Sources */,
			);
			runOnlyForDeploymentPostprocessing = 0;
		};
/* End PBXSourcesBuildPhase section */

/* Begin PBXTargetDependency section */
		29BF81BF18E32561004276C6 /* PBXTargetDependency */ = {
			isa = PBXTargetDependency;
			target = 29BF819718E32561004276C6 /* associatedObjectsDemo */;
			targetProxy = 29BF81BE18E32561004276C6 /* PBXContainerItemProxy */;
		};
/* End PBXTargetDependency section */

/* Begin PBXVariantGroup section */
		29BF81A418E32561004276C6 /* InfoPlist.strings */ = {
			isa = PBXVariantGroup;
			children = (
				29BF81A518E32561004276C6 /* en */,
			);
			name = InfoPlist.strings;
			sourceTree = "<group>";
		};
		29BF81C318E32561004276C6 /* InfoPlist.strings */ = {
			isa = PBXVariantGroup;
			children = (
				29BF81C418E32561004276C6 /* en */,
			);
			name = InfoPlist.strings;
			sourceTree = "<group>";
		};
/* End PBXVariantGroup section */

/* Begin XCBuildConfiguration section */
		29BF81C818E32561004276C6 /* Debug */ = {
			isa = XCBuildConfiguration;
			buildSettings = {
				ALWAYS_SEARCH_USER_PATHS = NO;
				CLANG_CXX_LANGUAGE_STANDARD = "gnu++0x";
				CLANG_CXX_LIBRARY = "libc++";
				CLANG_ENABLE_MODULES = YES;
				CLANG_ENABLE_OBJC_ARC = YES;
				CLANG_WARN_BOOL_CONVERSION = YES;
				CLANG_WARN_CONSTANT_CONVERSION = YES;
				CLANG_WARN_DIRECT_OBJC_ISA_USAGE = YES_ERROR;
				CLANG_WARN_EMPTY_BODY = YES;
				CLANG_WARN_ENUM_CONVERSION = YES;
				CLANG_WARN_INT_CONVERSION = YES;
				CLANG_WARN_OBJC_ROOT_CLASS = YES_ERROR;
				CLANG_WARN__DUPLICATE_METHOD_MATCH = YES;
				"CODE_SIGN_IDENTITY[sdk=iphoneos*]" = "iPhone Developer";
				COPY_PHASE_STRIP = NO;
				GCC_C_LANGUAGE_STANDARD = gnu99;
				GCC_DYNAMIC_NO_PIC = NO;
				GCC_OPTIMIZATION_LEVEL = 0;
				GCC_PREPROCESSOR_DEFINITIONS = (
					"DEBUG=1",
					"$(inherited)",
				);
				GCC_SYMBOLS_PRIVATE_EXTERN = NO;
				GCC_WARN_64_TO_32_BIT_CONVERSION = YES;
				GCC_WARN_ABOUT_RETURN_TYPE = YES_ERROR;
				GCC_WARN_UNDECLARED_SELECTOR = YES;
				GCC_WARN_UNINITIALIZED_AUTOS = YES_AGGRESSIVE;
				GCC_WARN_UNUSED_FUNCTION = YES;
				GCC_WARN_UNUSED_VARIABLE = YES;
				IPHONEOS_DEPLOYMENT_TARGET = 7.1;
				ONLY_ACTIVE_ARCH = YES;
				SDKROOT = iphoneos;
			};
			name = Debug;
		};
		29BF81C918E32561004276C6 /* Release */ = {
			isa = XCBuildConfiguration;
			buildSettings = {
				ALWAYS_SEARCH_USER_PATHS = NO;
				CLANG_CXX_LANGUAGE_STANDARD = "gnu++0x";
				CLANG_CXX_LIBRARY = "libc++";
				CLANG_ENABLE_MODULES = YES;
				CLANG_ENABLE_OBJC_ARC = YES;
				CLANG_WARN_BOOL_CONVERSION = YES;
				CLANG_WARN_CONSTANT_CONVERSION = YES;
				CLANG_WARN_DIRECT_OBJC_ISA_USAGE = YES_ERROR;
				CLANG_WARN_EMPTY_BODY = YES;
				CLANG_WARN_ENUM_CONVERSION = YES;
				CLANG_WARN_INT_CONVERSION = YES;
				CLANG_WARN_OBJC_ROOT_CLASS = YES_ERROR;
				CLANG_WARN__DUPLICATE_METHOD_MATCH = YES;
				"CODE_SIGN_IDENTITY[sdk=iphoneos*]" = "iPhone Developer";
				COPY_PHASE_STRIP = YES;
				ENABLE_NS_ASSERTIONS = NO;
				GCC_C_LANGUAGE_STANDARD = gnu99;
				GCC_WARN_64_TO_32_BIT_CONVERSION = YES;
				GCC_WARN_ABOUT_RETURN_TYPE = YES_ERROR;
				GCC_WARN_UNDECLARED_SELECTOR = YES;
				GCC_WARN_UNINITIALIZED_AUTOS = YES_AGGRESSIVE;
				GCC_WARN_UNUSED_FUNCTION = YES;
				GCC_WARN_UNUSED_VARIABLE = YES;
				IPHONEOS_DEPLOYMENT_TARGET = 7.1;
				SDKROOT = iphoneos;
				VALIDATE_PRODUCT = YES;
			};
			name = Release;
		};
		29BF81CB18E32561004276C6 /* Debug */ = {
			isa = XCBuildConfiguration;
			buildSettings = {
				ASSETCATALOG_COMPILER_APPICON_NAME = AppIcon;
				ASSETCATALOG_COMPILER_LAUNCHIMAGE_NAME = LaunchImage;
				GCC_PRECOMPILE_PREFIX_HEADER = YES;
				GCC_PREFIX_HEADER = "associatedObjectsDemo/associatedObjectsDemo-Prefix.pch";
				INFOPLIST_FILE = "associatedObjectsDemo/associatedObjectsDemo-Info.plist";
				PRODUCT_NAME = "$(TARGET_NAME)";
				WRAPPER_EXTENSION = app;
			};
			name = Debug;
		};
		29BF81CC18E32561004276C6 /* Release */ = {
			isa = XCBuildConfiguration;
			buildSettings = {
				ASSETCATALOG_COMPILER_APPICON_NAME = AppIcon;
				ASSETCATALOG_COMPILER_LAUNCHIMAGE_NAME = LaunchImage;
				GCC_PRECOMPILE_PREFIX_HEADER = YES;
				GCC_PREFIX_HEADER = "associatedObjectsDemo/associatedObjectsDemo-Prefix.pch";
				INFOPLIST_FILE = "associatedObjectsDemo/associatedObjectsDemo-Info.plist";
				PRODUCT_NAME = "$(TARGET_NAME)";
				WRAPPER_EXTENSION = app;
			};
			name = Release;
		};
		29BF81CE18E32561004276C6 /* Debug */ = {
			isa = XCBuildConfiguration;
			buildSettings = {
				BUNDLE_LOADER = "$(BUILT_PRODUCTS_DIR)/associatedObjectsDemo.app/associatedObjectsDemo";
				FRAMEWORK_SEARCH_PATHS = (
					"$(SDKROOT)/Developer/Library/Frameworks",
					"$(inherited)",
					"$(DEVELOPER_FRAMEWORKS_DIR)",
				);
				GCC_PRECOMPILE_PREFIX_HEADER = YES;
				GCC_PREFIX_HEADER = "associatedObjectsDemo/associatedObjectsDemo-Prefix.pch";
				GCC_PREPROCESSOR_DEFINITIONS = (
					"DEBUG=1",
					"$(inherited)",
				);
				INFOPLIST_FILE = "associatedObjectsDemoTests/associatedObjectsDemoTests-Info.plist";
				PRODUCT_NAME = "$(TARGET_NAME)";
				TEST_HOST = "$(BUNDLE_LOADER)";
				WRAPPER_EXTENSION = xctest;
			};
			name = Debug;
		};
		29BF81CF18E32561004276C6 /* Release */ = {
			isa = XCBuildConfiguration;
			buildSettings = {
				BUNDLE_LOADER = "$(BUILT_PRODUCTS_DIR)/associatedObjectsDemo.app/associatedObjectsDemo";
				FRAMEWORK_SEARCH_PATHS = (
					"$(SDKROOT)/Developer/Library/Frameworks",
					"$(inherited)",
					"$(DEVELOPER_FRAMEWORKS_DIR)",
				);
				GCC_PRECOMPILE_PREFIX_HEADER = YES;
				GCC_PREFIX_HEADER = "associatedObjectsDemo/associatedObjectsDemo-Prefix.pch";
				INFOPLIST_FILE = "associatedObjectsDemoTests/associatedObjectsDemoTests-Info.plist";
				PRODUCT_NAME = "$(TARGET_NAME)";
				TEST_HOST = "$(BUNDLE_LOADER)";
				WRAPPER_EXTENSION = xctest;
			};
			name = Release;
		};
/* End XCBuildConfiguration section */

/* Begin XCConfigurationList section */
		29BF819318E32561004276C6 /* Build configuration list for PBXProject "associatedObjectsDemo" */ = {
			isa = XCConfigurationList;
			buildConfigurations = (
				29BF81C818E32561004276C6 /* Debug */,
				29BF81C918E32561004276C6 /* Release */,
			);
			defaultConfigurationIsVisible = 0;
			defaultConfigurationName = Release;
		};
		29BF81CA18E32561004276C6 /* Build configuration list for PBXNativeTarget "associatedObjectsDemo" */ = {
			isa = XCConfigurationList;
			buildConfigurations = (
				29BF81CB18E32561004276C6 /* Debug */,
				29BF81CC18E32561004276C6 /* Release */,
			);
			defaultConfigurationIsVisible = 0;
		};
		29BF81CD18E32561004276C6 /* Build configuration list for PBXNativeTarget "associatedObjectsDemoTests" */ = {
			isa = XCConfigurationList;
			buildConfigurations = (
				29BF81CE18E32561004276C6 /* Debug */,
				29BF81CF18E32561004276C6 /* Release */,
			);
			defaultConfigurationIsVisible = 0;
		};
/* End XCConfigurationList section */
	};
	rootObject = 29BF819018E32561004276C6 /* Project object */;
}
